
Microsoft Visual Studio Solution File, Format Version 12.00
# Visual Studio Version 17
VisualStudioVersion = 17.5.33414.496
MinimumVisualStudioVersion = 10.0.40219.1
Project("{FAE04EC0-301F-11D3-BF4B-00C04F79EFBC}") = "Copy", "Copy\Copy.csproj", "{1D52A479-4A36-4ADF-AA2B-58A6BF95461F}"
EndProject
Global
	GlobalSection(SolutionConfigurationPlatforms) = preSolution
		Debug|Any CPU = Debug|Any CPU
		Release|Any CPU = Release|Any CPU
	EndGlobalSection
	GlobalSection(ProjectConfigurationPlatforms) = postSolution
		{1D52A479-4A36-4ADF-AA2B-58A6BF95461F}.Debug|Any CPU.ActiveCfg = Debug|Any CPU
		{1D52A479-4A36-4ADF-AA2B-58A6BF95461F}.Debug|Any CPU.Build.0 = Debug|Any CPU
		{1D52A479-4A36-4ADF-AA2B-58A6BF95461F}.Release|Any CPU.ActiveCfg = Release|Any CPU
		{1D52A479-4A36-4ADF-AA2B-58A6BF95461F}.Release|Any CPU.Build.0 = Release|Any CPU
	EndGlobalSection
	GlobalSection(SolutionProperties) = preSolution
		HideSolutionNode = FALSE
	EndGlobalSection
	GlobalSection(ExtensibilityGlobals) = postSolution
		SolutionGuid = {A0AD1047-CF89-4DD3-86EE-133066E53624}
	EndGlobalSection
EndGlobal
